
Microsoft Visual Studio Solution File, Format Version 12.00
# Visual Studio Version 17
VisualStudioVersion = 17.4.33103.184
MinimumVisualStudioVersion = 10.0.40219.1
Project("{FAE04EC0-301F-11D3-BF4B-00C04F79EFBC}") = "CustomMediatr.Api", "CustomMediatr.Api\CustomMediatr.Api.csproj", "{963C0F8D-767D-4B89-A2E0-069F06DD9456}"
EndProject
Project("{FAE04EC0-301F-11D3-BF4B-00C04F79EFBC}") = "CustomMediatr.Library", "CustomMediatr.Library\CustomMediatr.Library.csproj", "{31CF9AA0-2912-499C-9C22-F684F4EF9A09}"
EndProject
Global
	GlobalSection(SolutionConfigurationPlatforms) = preSolution
		Debug|Any CPU = Debug|Any CPU
		Release|Any CPU = Release|Any CPU
	EndGlobalSection
	GlobalSection(ProjectConfigurationPlatforms) = postSolution
		{963C0F8D-767D-4B89-A2E0-069F06DD9456}.Debug|Any CPU.ActiveCfg = Debug|Any CPU
		{963C0F8D-767D-4B89-A2E0-069F06DD9456}.Debug|Any CPU.Build.0 = Debug|Any CPU
		{963C0F8D-767D-4B89-A2E0-069F06DD9456}.Release|Any CPU.ActiveCfg = Release|Any CPU
		{963C0F8D-767D-4B89-A2E0-069F06DD9456}.Release|Any CPU.Build.0 = Release|Any CPU
		{31CF9AA0-2912-499C-9C22-F684F4EF9A09}.Debug|Any CPU.ActiveCfg = Debug|Any CPU
		{31CF9AA0-2912-499C-9C22-F684F4EF9A09}.Debug|Any CPU.Build.0 = Debug|Any CPU
		{31CF9AA0-2912-499C-9C22-F684F4EF9A09}.Release|Any CPU.ActiveCfg = Release|Any CPU
		{31CF9AA0-2912-499C-9C22-F684F4EF9A09}.Release|Any CPU.Build.0 = Release|Any CPU
	EndGlobalSection
	GlobalSection(SolutionProperties) = preSolution
		HideSolutionNode = FALSE
	EndGlobalSection
	GlobalSection(ExtensibilityGlobals) = postSolution
		SolutionGuid = {AB5E4845-98C6-4734-BE78-D363F83DA1DE}
	EndGlobalSection
EndGlobal
